
Microsoft Visual Studio Solution File, Format Version 12.00
# Visual Studio Version 17
VisualStudioVersion = 17.14.36121.58 d17.14
MinimumVisualStudioVersion = 10.0.40219.1
Project("{FAE04EC0-301F-11D3-BF4B-00C04F79EFBC}") = "TP1_MARTIN", "TP1_MARTIN\TP1_MARTIN.csproj", "{F54C211C-151C-4724-BB99-5CD7CE5D5C60}"
EndProject
Global
	GlobalSection(SolutionConfigurationPlatforms) = preSolution
		Debug|Any CPU = Debug|Any CPU
		Release|Any CPU = Release|Any CPU
	EndGlobalSection
	GlobalSection(ProjectConfigurationPlatforms) = postSolution
		{F54C211C-151C-4724-BB99-5CD7CE5D5C60}.Debug|Any CPU.ActiveCfg = Debug|Any CPU
		{F54C211C-151C-4724-BB99-5CD7CE5D5C60}.Debug|Any CPU.Build.0 = Debug|Any CPU
		{F54C211C-151C-4724-BB99-5CD7CE5D5C60}.Release|Any CPU.ActiveCfg = Release|Any CPU
		{F54C211C-151C-4724-BB99-5CD7CE5D5C60}.Release|Any CPU.Build.0 = Release|Any CPU
	EndGlobalSection
	GlobalSection(SolutionProperties) = preSolution
		HideSolutionNode = FALSE
	EndGlobalSection
	GlobalSection(ExtensibilityGlobals) = postSolution
		SolutionGuid = {A345BB60-64EC-42BD-B12A-664F67D861CE}
	EndGlobalSection
EndGlobal
